
Microsoft Visual Studio Solution File, Format Version 12.00
# Visual Studio Version 17
VisualStudioVersion = 17.9.34728.123
MinimumVisualStudioVersion = 10.0.40219.1
Project("{FAE04EC0-301F-11D3-BF4B-00C04F79EFBC}") = "To-Do-List-CLI", "To-Do-List-CLI.csproj", "{FDCF3F82-596D-4D3D-8381-D263088C7633}"
EndProject
Global
	GlobalSection(SolutionConfigurationPlatforms) = preSolution
		Debug|Any CPU = Debug|Any CPU
		Release|Any CPU = Release|Any CPU
	EndGlobalSection
	GlobalSection(ProjectConfigurationPlatforms) = postSolution
		{FDCF3F82-596D-4D3D-8381-D263088C7633}.Debug|Any CPU.ActiveCfg = Debug|Any CPU
		{FDCF3F82-596D-4D3D-8381-D263088C7633}.Debug|Any CPU.Build.0 = Debug|Any CPU
		{FDCF3F82-596D-4D3D-8381-D263088C7633}.Release|Any CPU.ActiveCfg = Release|Any CPU
		{FDCF3F82-596D-4D3D-8381-D263088C7633}.Release|Any CPU.Build.0 = Release|Any CPU
	EndGlobalSection
	GlobalSection(SolutionProperties) = preSolution
		HideSolutionNode = FALSE
	EndGlobalSection
	GlobalSection(ExtensibilityGlobals) = postSolution
		SolutionGuid = {A1B17319-F0E2-49BE-86B1-6EFE73066514}
	EndGlobalSection
EndGlobal
